// !$*UTF8*$!
{
	archiveVersion = 1;
	classes = {
	};
	objectVersion = 55;
	objects = {

/* Begin PBXBuildFile section */
		C2E40D33288C6B9100BFFB0C /* AppDelegate.swift in Sources */ = {isa = PBXBuildFile; fileRef = C2E40D32288C6B9100BFFB0C /* AppDelegate.swift */; };
		C2E40D35288C6B9100BFFB0C /* SceneDelegate.swift in Sources */ = {isa = PBXBuildFile; fileRef = C2E40D34288C6B9100BFFB0C /* SceneDelegate.swift */; };
		C2E40D37288C6B9100BFFB0C /* RecordingViewController.swift in Sources */ = {isa = PBXBuildFile; fileRef = C2E40D36288C6B9100BFFB0C /* RecordingViewController.swift */; };
		C2E40D3D288C6B9100BFFB0C /* PitchPerfect.xcdatamodeld in Sources */ = {isa = PBXBuildFile; fileRef = C2E40D3B288C6B9100BFFB0C /* PitchPerfect.xcdatamodeld */; };
		C2E40D3F288C6B9200BFFB0C /* Assets.xcassets in Resources */ = {isa = PBXBuildFile; fileRef = C2E40D3E288C6B9200BFFB0C /* Assets.xcassets */; };
		C2E40D42288C6B9200BFFB0C /* LaunchScreen.storyboard in Resources */ = {isa = PBXBuildFile; fileRef = C2E40D40288C6B9200BFFB0C /* LaunchScreen.storyboard */; };
		C2E40D4D288C6B9200BFFB0C /* PitchPerfectTests.swift in Sources */ = {isa = PBXBuildFile; fileRef = C2E40D4C288C6B9200BFFB0C /* PitchPerfectTests.swift */; };
		C2E40D57288C6B9200BFFB0C /* PitchPerfectUITests.swift in Sources */ = {isa = PBXBuildFile; fileRef = C2E40D56288C6B9200BFFB0C /* PitchPerfectUITests.swift */; };
		C2E40D59288C6B9200BFFB0C /* PitchPerfectUITestsLaunchTests.swift in Sources */ = {isa = PBXBuildFile; fileRef = C2E40D58288C6B9200BFFB0C /* PitchPerfectUITestsLaunchTests.swift */; };
/* End PBXBuildFile section */

/* Begin PBXContainerItemProxy section */
		C2E40D49288C6B9200BFFB0C /* PBXContainerItemProxy */ = {
			isa = PBXContainerItemProxy;
			containerPortal = C2E40D27288C6B9100BFFB0C /* Project object */;
			proxyType = 1;
			remoteGlobalIDString = C2E40D2E288C6B9100BFFB0C;
			remoteInfo = PitchPerfect;
		};
		C2E40D53288C6B9200BFFB0C /* PBXContainerItemProxy */ = {
			isa = PBXContainerItemProxy;
			containerPortal = C2E40D27288C6B9100BFFB0C /* Project object */;
			proxyType = 1;
			remoteGlobalIDString = C2E40D2E288C6B9100BFFB0C;
			remoteInfo = PitchPerfect;
		};
/* End PBXContainerItemProxy section */

/* Begin PBXFileReference section */
		C2E40D2F288C6B9100BFFB0C /* PitchPerfect.app */ = {isa = PBXFileReference; explicitFileType = wrapper.application; includeInIndex = 0; path = PitchPerfect.app; sourceTree = BUILT_PRODUCTS_DIR; };
		C2E40D32288C6B9100BFFB0C /* AppDelegate.swift */ = {isa = PBXFileReference; lastKnownFileType = sourcecode.swift; path = AppDelegate.swift; sourceTree = "<group>"; };
		C2E40D34288C6B9100BFFB0C /* SceneDelegate.swift */ = {isa = PBXFileReference; lastKnownFileType = sourcecode.swift; path = SceneDelegate.swift; sourceTree = "<group>"; };
		C2E40D36288C6B9100BFFB0C /* RecordingViewController.swift */ = {isa = PBXFileReference; lastKnownFileType = sourcecode.swift; path = RecordingViewController.swift; sourceTree = "<group>"; };
		C2E40D3C288C6B9100BFFB0C /* PitchPerfect.xcdatamodel */ = {isa = PBXFileReference; lastKnownFileType = wrapper.xcdatamodel; path = PitchPerfect.xcdatamodel; sourceTree = "<group>"; };
		C2E40D3E288C6B9200BFFB0C /* Assets.xcassets */ = {isa = PBXFileReference; lastKnownFileType = folder.assetcatalog; path = Assets.xcassets; sourceTree = "<group>"; };
		C2E40D41288C6B9200BFFB0C /* Base */ = {isa = PBXFileReference; lastKnownFileType = file.storyboard; name = Base; path = Base.lproj/LaunchScreen.storyboard; sourceTree = "<group>"; };
		C2E40D43288C6B9200BFFB0C /* Info.plist */ = {isa = PBXFileReference; lastKnownFileType = text.plist.xml; path = Info.plist; sourceTree = "<group>"; };
		C2E40D48288C6B9200BFFB0C /* PitchPerfectTests.xctest */ = {isa = PBXFileReference; explicitFileType = wrapper.cfbundle; includeInIndex = 0; path = PitchPerfectTests.xctest; sourceTree = BUILT_PRODUCTS_DIR; };
		C2E40D4C288C6B9200BFFB0C /* PitchPerfectTests.swift */ = {isa = PBXFileReference; lastKnownFileType = sourcecode.swift; path = PitchPerfectTests.swift; sourceTree = "<group>"; };
		C2E40D52288C6B9200BFFB0C /* PitchPerfectUITests.xctest */ = {isa = PBXFileReference; explicitFileType = wrapper.cfbundle; includeInIndex = 0; path = PitchPerfectUITests.xctest; sourceTree = BUILT_PRODUCTS_DIR; };
		C2E40D56288C6B9200BFFB0C /* PitchPerfectUITests.swift */ = {isa = PBXFileReference; lastKnownFileType = sourcecode.swift; path = PitchPerfectUITests.swift; sourceTree = "<group>"; };
		C2E40D58288C6B9200BFFB0C /* PitchPerfectUITestsLaunchTests.swift */ = {isa = PBXFileReference; lastKnownFileType = sourcecode.swift; path = PitchPerfectUITestsLaunchTests.swift; sourceTree = "<group>"; };
/* End PBXFileReference section */

/* Begin PBXFrameworksBuildPhase section */
		C2E40D2C288C6B9100BFFB0C /* Frameworks */ = {
			isa = PBXFrameworksBuildPhase;
			buildActionMask = 2147483647;
			files = (
			);
			runOnlyForDeploymentPostprocessing = 0;
		};
		C2E40D45288C6B9200BFFB0C /* Frameworks */ = {
			isa = PBXFrameworksBuildPhase;
			buildActionMask = 2147483647;
			files = (
			);
			runOnlyForDeploymentPostprocessing = 0;
		};
		C2E40D4F288C6B9200BFFB0C /* Frameworks */ = {
			isa = PBXFrameworksBuildPhase;
			buildActionMask = 2147483647;
			files = (
			);
			runOnlyForDeploymentPostprocessing = 0;
		};
/* End PBXFrameworksBuildPhase section */

/* Begin PBXGroup section */
		C2E40D26288C6B9100BFFB0C = {
			isa = PBXGroup;
			children = (
				C2E40D31288C6B9100BFFB0C /* PitchPerfect */,
				C2E40D4B288C6B9200BFFB0C /* PitchPerfectTests */,
				C2E40D55288C6B9200BFFB0C /* PitchPerfectUITests */,
				C2E40D30288C6B9100BFFB0C /* Products */,
			);
			sourceTree = "<group>";
		};
		C2E40D30288C6B9100BFFB0C /* Products */ = {
			isa = PBXGroup;
			children = (
				C2E40D2F288C6B9100BFFB0C /* PitchPerfect.app */,
				C2E40D48288C6B9200BFFB0C /* PitchPerfectTests.xctest */,
				C2E40D52288C6B9200BFFB0C /* PitchPerfectUITests.xctest */,
			);
			name = Products;
			sourceTree = "<group>";
		};
		C2E40D31288C6B9100BFFB0C /* PitchPerfect */ = {
			isa = PBXGroup;
			children = (
				C2E40D32288C6B9100BFFB0C /* AppDelegate.swift */,
				C2E40D34288C6B9100BFFB0C /* SceneDelegate.swift */,
				C2E40D36288C6B9100BFFB0C /* RecordingViewController.swift */,
				C2E40D3E288C6B9200BFFB0C /* Assets.xcassets */,
				C2E40D40288C6B9200BFFB0C /* LaunchScreen.storyboard */,
				C2E40D43288C6B9200BFFB0C /* Info.plist */,
				C2E40D3B288C6B9100BFFB0C /* PitchPerfect.xcdatamodeld */,
			);
			path = PitchPerfect;
			sourceTree = "<group>";
		};
		C2E40D4B288C6B9200BFFB0C /* PitchPerfectTests */ = {
			isa = PBXGroup;
			children = (
				C2E40D4C288C6B9200BFFB0C /* PitchPerfectTests.swift */,
			);
			path = PitchPerfectTests;
			sourceTree = "<group>";
		};
		C2E40D55288C6B9200BFFB0C /* PitchPerfectUITests */ = {
			isa = PBXGroup;
			children = (
				C2E40D56288C6B9200BFFB0C /* PitchPerfectUITests.swift */,
				C2E40D58288C6B9200BFFB0C /* PitchPerfectUITestsLaunchTests.swift */,
			);
			path = PitchPerfectUITests;
			sourceTree = "<group>";
		};
/* End PBXGroup section */

/* Begin PBXNativeTarget section */
		C2E40D2E288C6B9100BFFB0C /* PitchPerfect */ = {
			isa = PBXNativeTarget;
			buildConfigurationList = C2E40D5C288C6B9200BFFB0C /* Build configuration list for PBXNativeTarget "PitchPerfect" */;
			buildPhases = (
				C2E40D2B288C6B9100BFFB0C /* Sources */,
				C2E40D2C288C6B9100BFFB0C /* Frameworks */,
				C2E40D2D288C6B9100BFFB0C /* Resources */,
			);
			buildRules = (
			);
			dependencies = (
			);
			name = PitchPerfect;
			productName = PitchPerfect;
			productReference = C2E40D2F288C6B9100BFFB0C /* PitchPerfect.app */;
			productType = "com.apple.product-type.application";
		};
		C2E40D47288C6B9200BFFB0C /* PitchPerfectTests */ = {
			isa = PBXNativeTarget;
			buildConfigurationList = C2E40D5F288C6B9200BFFB0C /* Build configuration list for PBXNativeTarget "PitchPerfectTests" */;
			buildPhases = (
				C2E40D44288C6B9200BFFB0C /* Sources */,
				C2E40D45288C6B9200BFFB0C /* Frameworks */,
				C2E40D46288C6B9200BFFB0C /* Resources */,
			);
			buildRules = (
			);
			dependencies = (
				C2E40D4A288C6B9200BFFB0C /* PBXTargetDependency */,
			);
			name = PitchPerfectTests;
			productName = PitchPerfectTests;
			productReference = C2E40D48288C6B9200BFFB0C /* PitchPerfectTests.xctest */;
			productType = "com.apple.product-type.bundle.unit-test";
		};
		C2E40D51288C6B9200BFFB0C /* PitchPerfectUITests */ = {
			isa = PBXNativeTarget;
			buildConfigurationList = C2E40D62288C6B9200BFFB0C /* Build configuration list for PBXNativeTarget "PitchPerfectUITests" */;
			buildPhases = (
				C2E40D4E288C6B9200BFFB0C /* Sources */,
				C2E40D4F288C6B9200BFFB0C /* Frameworks */,
				C2E40D50288C6B9200BFFB0C /* Resources */,
			);
			buildRules = (
			);
			dependencies = (
				C2E40D54288C6B9200BFFB0C /* PBXTargetDependency */,
			);
			name = PitchPerfectUITests;
			productName = PitchPerfectUITests;
			productReference = C2E40D52288C6B9200BFFB0C /* PitchPerfectUITests.xctest */;
			productType = "com.apple.product-type.bundle.ui-testing";
		};
/* End PBXNativeTarget section */

/* Begin PBXProject section */
		C2E40D27288C6B9100BFFB0C /* Project object */ = {
			isa = PBXProject;
			attributes = {
				BuildIndependentTargetsInParallel = 1;
				LastSwiftUpdateCheck = 1330;
				LastUpgradeCheck = 1330;
				TargetAttributes = {
					C2E40D2E288C6B9100BFFB0C = {
						CreatedOnToolsVersion = 13.3;
					};
					C2E40D47288C6B9200BFFB0C = {
						CreatedOnToolsVersion = 13.3;
						TestTargetID = C2E40D2E288C6B9100BFFB0C;
					};
					C2E40D51288C6B9200BFFB0C = {
						CreatedOnToolsVersion = 13.3;
						TestTargetID = C2E40D2E288C6B9100BFFB0C;
					};
				};
			};
			buildConfigurationList = C2E40D2A288C6B9100BFFB0C /* Build configuration list for PBXProject "PitchPerfect" */;
			compatibilityVersion = "Xcode 13.0";
			developmentRegion = en;
			hasScannedForEncodings = 0;
			knownRegions = (
				en,
				Base,
			);
			mainGroup = C2E40D26288C6B9100BFFB0C;
			productRefGroup = C2E40D30288C6B9100BFFB0C /* Products */;
			projectDirPath = "";
			projectRoot = "";
			targets = (
				C2E40D2E288C6B9100BFFB0C /* PitchPerfect */,
				C2E40D47288C6B9200BFFB0C /* PitchPerfectTests */,
				C2E40D51288C6B9200BFFB0C /* PitchPerfectUITests */,
			);
		};
/* End PBXProject section */

/* Begin PBXResourcesBuildPhase section */
		C2E40D2D288C6B9100BFFB0C /* Resources */ = {
			isa = PBXResourcesBuildPhase;
			buildActionMask = 2147483647;
			files = (
				C2E40D42288C6B9200BFFB0C /* LaunchScreen.storyboard in Resources */,
				C2E40D3F288C6B9200BFFB0C /* Assets.xcassets in Resources */,
			);
			runOnlyForDeploymentPostprocessing = 0;
		};
		C2E40D46288C6B9200BFFB0C /* Resources */ = {
			isa = PBXResourcesBuildPhase;
			buildActionMask = 2147483647;
			files = (
			);
			runOnlyForDeploymentPostprocessing = 0;
		};
		C2E40D50288C6B9200BFFB0C /* Resources */ = {
			isa = PBXResourcesBuildPhase;
			buildActionMask = 2147483647;
			files = (
			);
			runOnlyForDeploymentPostprocessing = 0;
		};
/* End PBXResourcesBuildPhase section */

/* Begin PBXSourcesBuildPhase section */
		C2E40D2B288C6B9100BFFB0C /* Sources */ = {
			isa = PBXSourcesBuildPhase;
			buildActionMask = 2147483647;
			files = (
				C2E40D37288C6B9100BFFB0C /* RecordingViewController.swift in Sources */,
				C2E40D33288C6B9100BFFB0C /* AppDelegate.swift in Sources */,
				C2E40D3D288C6B9100BFFB0C /* PitchPerfect.xcdatamodeld in Sources */,
				C2E40D35288C6B9100BFFB0C /* SceneDelegate.swift in Sources */,
			);
			runOnlyForDeploymentPostprocessing = 0;
		};
		C2E40D44288C6B9200BFFB0C /* Sources */ = {
			isa = PBXSourcesBuildPhase;
			buildActionMask = 2147483647;
			files = (
				C2E40D4D288C6B9200BFFB0C /* PitchPerfectTests.swift in Sources */,
			);
			runOnlyForDeploymentPostprocessing = 0;
		};
		C2E40D4E288C6B9200BFFB0C /* Sources */ = {
			isa = PBXSourcesBuildPhase;
			buildActionMask = 2147483647;
			files = (
				C2E40D57288C6B9200BFFB0C /* PitchPerfectUITests.swift in Sources */,
				C2E40D59288C6B9200BFFB0C /* PitchPerfectUITestsLaunchTests.swift in Sources */,
			);
			runOnlyForDeploymentPostprocessing = 0;
		};
/* End PBXSourcesBuildPhase section */

/* Begin PBXTargetDependency section */
		C2E40D4A288C6B9200BFFB0C /* PBXTargetDependency */ = {
			isa = PBXTargetDependency;
			target = C2E40D2E288C6B9100BFFB0C /* PitchPerfect */;
			targetProxy = C2E40D49288C6B9200BFFB0C /* PBXContainerItemProxy */;
		};
		C2E40D54288C6B9200BFFB0C /* PBXTargetDependency */ = {
			isa = PBXTargetDependency;
			target = C2E40D2E288C6B9100BFFB0C /* PitchPerfect */;
			targetProxy = C2E40D53288C6B9200BFFB0C /* PBXContainerItemProxy */;
		};
/* End PBXTargetDependency section */

/* Begin PBXVariantGroup section */
		C2E40D40288C6B9200BFFB0C /* LaunchScreen.storyboard */ = {
			isa = PBXVariantGroup;
			children = (
				C2E40D41288C6B9200BFFB0C /* Base */,
			);
			name = LaunchScreen.storyboard;
			sourceTree = "<group>";
		};
/* End PBXVariantGroup section */

/* Begin XCBuildConfiguration section */
		C2E40D5A288C6B9200BFFB0C /* Debug */ = {
			isa = XCBuildConfiguration;
			buildSettings = {
				ALWAYS_SEARCH_USER_PATHS = NO;
				CLANG_ANALYZER_NONNULL = YES;
				CLANG_ANALYZER_NUMBER_OBJECT_CONVERSION = YES_AGGRESSIVE;
				CLANG_CXX_LANGUAGE_STANDARD = "gnu++17";
				CLANG_ENABLE_MODULES = YES;
				CLANG_ENABLE_OBJC_ARC = YES;
				CLANG_ENABLE_OBJC_WEAK = YES;
				CLANG_WARN_BLOCK_CAPTURE_AUTORELEASING = YES;
				CLANG_WARN_BOOL_CONVERSION = YES;
				CLANG_WARN_COMMA = YES;
				CLANG_WARN_CONSTANT_CONVERSION = YES;
				CLANG_WARN_DEPRECATED_OBJC_IMPLEMENTATIONS = YES;
				CLANG_WARN_DIRECT_OBJC_ISA_USAGE = YES_ERROR;
				CLANG_WARN_DOCUMENTATION_COMMENTS = YES;
				CLANG_WARN_EMPTY_BODY = YES;
				CLANG_WARN_ENUM_CONVERSION = YES;
				CLANG_WARN_INFINITE_RECURSION = YES;
				CLANG_WARN_INT_CONVERSION = YES;
				CLANG_WARN_NON_LITERAL_NULL_CONVERSION = YES;
				CLANG_WARN_OBJC_IMPLICIT_RETAIN_SELF = YES;
				CLANG_WARN_OBJC_LITERAL_CONVERSION = YES;
				CLANG_WARN_OBJC_ROOT_CLASS = YES_ERROR;
				CLANG_WARN_QUOTED_INCLUDE_IN_FRAMEWORK_HEADER = YES;
				CLANG_WARN_RANGE_LOOP_ANALYSIS = YES;
				CLANG_WARN_STRICT_PROTOTYPES = YES;
				CLANG_WARN_SUSPICIOUS_MOVE = YES;
				CLANG_WARN_UNGUARDED_AVAILABILITY = YES_AGGRESSIVE;
				CLANG_WARN_UNREACHABLE_CODE = YES;
				CLANG_WARN__DUPLICATE_METHOD_MATCH = YES;
				COPY_PHASE_STRIP = NO;
				DEBUG_INFORMATION_FORMAT = dwarf;
				ENABLE_STRICT_OBJC_MSGSEND = YES;
				ENABLE_TESTABILITY = YES;
				GCC_C_LANGUAGE_STANDARD = gnu11;
				GCC_DYNAMIC_NO_PIC = NO;
				GCC_NO_COMMON_BLOCKS = YES;
				GCC_OPTIMIZATION_LEVEL = 0;
				GCC_PREPROCESSOR_DEFINITIONS = (
					"DEBUG=1",
					"$(inherited)",
				);
				GCC_WARN_64_TO_32_BIT_CONVERSION = YES;
				GCC_WARN_ABOUT_RETURN_TYPE = YES_ERROR;
				GCC_WARN_UNDECLARED_SELECTOR = YES;
				GCC_WARN_UNINITIALIZED_AUTOS = YES_AGGRESSIVE;
				GCC_WARN_UNUSED_FUNCTION = YES;
				GCC_WARN_UNUSED_VARIABLE = YES;
				IPHONEOS_DEPLOYMENT_TARGET = 15.4;
				MTL_ENABLE_DEBUG_INFO = INCLUDE_SOURCE;
				MTL_FAST_MATH = YES;
				ONLY_ACTIVE_ARCH = YES;
				SDKROOT = iphoneos;
				SWIFT_ACTIVE_COMPILATION_CONDITIONS = DEBUG;
				SWIFT_OPTIMIZATION_LEVEL = "-Onone";
			};
			name = Debug;
		};
		C2E40D5B288C6B9200BFFB0C /* Release */ = {
			isa = XCBuildConfiguration;
			buildSettings = {
				ALWAYS_SEARCH_USER_PATHS = NO;
				CLANG_ANALYZER_NONNULL = YES;
				CLANG_ANALYZER_NUMBER_OBJECT_CONVERSION = YES_AGGRESSIVE;
				CLANG_CXX_LANGUAGE_STANDARD = "gnu++17";
				CLANG_ENABLE_MODULES = YES;
				CLANG_ENABLE_OBJC_ARC = YES;
				CLANG_ENABLE_OBJC_WEAK = YES;
				CLANG_WARN_BLOCK_CAPTURE_AUTORELEASING = YES;
				CLANG_WARN_BOOL_CONVERSION = YES;
				CLANG_WARN_COMMA = YES;
				CLANG_WARN_CONSTANT_CONVERSION = YES;
				CLANG_WARN_DEPRECATED_OBJC_IMPLEMENTATIONS = YES;
				CLANG_WARN_DIRECT_OBJC_ISA_USAGE = YES_ERROR;
				CLANG_WARN_DOCUMENTATION_COMMENTS = YES;
				CLANG_WARN_EMPTY_BODY = YES;
				CLANG_WARN_ENUM_CONVERSION = YES;
				CLANG_WARN_INFINITE_RECURSION = YES;
				CLANG_WARN_INT_CONVERSION = YES;
				CLANG_WARN_NON_LITERAL_NULL_CONVERSION = YES;
				CLANG_WARN_OBJC_IMPLICIT_RETAIN_SELF = YES;
				CLANG_WARN_OBJC_LITERAL_CONVERSION = YES;
				CLANG_WARN_OBJC_ROOT_CLASS = YES_ERROR;
				CLANG_WARN_QUOTED_INCLUDE_IN_FRAMEWORK_HEADER = YES;
				CLANG_WARN_RANGE_LOOP_ANALYSIS = YES;
				CLANG_WARN_STRICT_PROTOTYPES = YES;
				CLANG_WARN_SUSPICIOUS_MOVE = YES;
				CLANG_WARN_UNGUARDED_AVAILABILITY = YES_AGGRESSIVE;
				CLANG_WARN_UNREACHABLE_CODE = YES;
				CLANG_WARN__DUPLICATE_METHOD_MATCH = YES;
				COPY_PHASE_STRIP = NO;
				DEBUG_INFORMATION_FORMAT = "dwarf-with-dsym";
				ENABLE_NS_ASSERTIONS = NO;
				ENABLE_STRICT_OBJC_MSGSEND = YES;
				GCC_C_LANGUAGE_STANDARD = gnu11;
				GCC_NO_COMMON_BLOCKS = YES;
				GCC_WARN_64_TO_32_BIT_CONVERSION = YES;
				GCC_WARN_ABOUT_RETURN_TYPE = YES_ERROR;
				GCC_WARN_UNDECLARED_SELECTOR = YES;
				GCC_WARN_UNINITIALIZED_AUTOS = YES_AGGRESSIVE;
				GCC_WARN_UNUSED_FUNCTION = YES;
				GCC_WARN_UNUSED_VARIABLE = YES;
				IPHONEOS_DEPLOYMENT_TARGET = 15.4;
				MTL_ENABLE_DEBUG_INFO = NO;
				MTL_FAST_MATH = YES;
				SDKROOT = iphoneos;
				SWIFT_COMPILATION_MODE = wholemodule;
				SWIFT_OPTIMIZATION_LEVEL = "-O";
				VALIDATE_PRODUCT = YES;
			};
			name = Release;
		};
		C2E40D5D288C6B9200BFFB0C /* Debug */ = {
			isa = XCBuildConfiguration;
			buildSettings = {
				ASSETCATALOG_COMPILER_APPICON_NAME = AppIcon;
				ASSETCATALOG_COMPILER_GLOBAL_ACCENT_COLOR_NAME = AccentColor;
				CODE_SIGN_STYLE = Automatic;
				CURRENT_PROJECT_VERSION = 1;
				DEVELOPMENT_TEAM = H2MF6LA832;
				GENERATE_INFOPLIST_FILE = YES;
				INFOPLIST_FILE = PitchPerfect/Info.plist;
				INFOPLIST_KEY_UIApplicationSupportsIndirectInputEvents = YES;
				INFOPLIST_KEY_UILaunchStoryboardName = LaunchScreen;
				INFOPLIST_KEY_UISupportedInterfaceOrientations_iPad = "UIInterfaceOrientationPortrait UIInterfaceOrientationPortraitUpsideDown UIInterfaceOrientationLandscapeLeft UIInterfaceOrientationLandscapeRight";
				INFOPLIST_KEY_UISupportedInterfaceOrientations_iPhone = "UIInterfaceOrientationPortrait UIInterfaceOrientationLandscapeLeft UIInterfaceOrientationLandscapeRight";
				LD_RUNPATH_SEARCH_PATHS = (
					"$(inherited)",
					"@executable_path/Frameworks",
				);
				MARKETING_VERSION = 1.0;
				PRODUCT_BUNDLE_IDENTIFIER = com.justinbengtson.PitchPerfect;
				PRODUCT_NAME = "$(TARGET_NAME)";
				SWIFT_EMIT_LOC_STRINGS = YES;
				SWIFT_VERSION = 5.0;
				TARGETED_DEVICE_FAMILY = "1,2";
			};
			name = Debug;
		};
		C2E40D5E288C6B9200BFFB0C /* Release */ = {
			isa = XCBuildConfiguration;
			buildSettings = {
				ASSETCATALOG_COMPILER_APPICON_NAME = AppIcon;
				ASSETCATALOG_COMPILER_GLOBAL_ACCENT_COLOR_NAME = AccentColor;
				CODE_SIGN_STYLE = Automatic;
				CURRENT_PROJECT_VERSION = 1;
				DEVELOPMENT_TEAM = H2MF6LA832;
				GENERATE_INFOPLIST_FILE = YES;
				INFOPLIST_FILE = PitchPerfect/Info.plist;
				INFOPLIST_KEY_UIApplicationSupportsIndirectInputEvents = YES;
				INFOPLIST_KEY_UILaunchStoryboardName = LaunchScreen;
				INFOPLIST_KEY_UISupportedInterfaceOrientations_iPad = "UIInterfaceOrientationPortrait UIInterfaceOrientationPortraitUpsideDown UIInterfaceOrientationLandscapeLeft UIInterfaceOrientationLandscapeRight";
				INFOPLIST_KEY_UISupportedInterfaceOrientations_iPhone = "UIInterfaceOrientationPortrait UIInterfaceOrientationLandscapeLeft UIInterfaceOrientationLandscapeRight";
				LD_RUNPATH_SEARCH_PATHS = (
					"$(inherited)",
					"@executable_path/Frameworks",
				);
				MARKETING_VERSION = 1.0;
				PRODUCT_BUNDLE_IDENTIFIER = com.justinbengtson.PitchPerfect;
				PRODUCT_NAME = "$(TARGET_NAME)";
				SWIFT_EMIT_LOC_STRINGS = YES;
				SWIFT_VERSION = 5.0;
				TARGETED_DEVICE_FAMILY = "1,2";
			};
			name = Release;
		};
		C2E40D60288C6B9200BFFB0C /* Debug */ = {
			isa = XCBuildConfiguration;
			buildSettings = {
				ALWAYS_EMBED_SWIFT_STANDARD_LIBRARIES = YES;
				BUNDLE_LOADER = "$(TEST_HOST)";
				CODE_SIGN_STYLE = Automatic;
				CURRENT_PROJECT_VERSION = 1;
				DEVELOPMENT_TEAM = H2MF6LA832;
				GENERATE_INFOPLIST_FILE = YES;
				IPHONEOS_DEPLOYMENT_TARGET = 15.4;
				MARKETING_VERSION = 1.0;
				PRODUCT_BUNDLE_IDENTIFIER = com.justinbengtson.PitchPerfectTests;
				PRODUCT_NAME = "$(TARGET_NAME)";
				SWIFT_EMIT_LOC_STRINGS = NO;
				SWIFT_VERSION = 5.0;
				TARGETED_DEVICE_FAMILY = "1,2";
				TEST_HOST = "$(BUILT_PRODUCTS_DIR)/PitchPerfect.app/PitchPerfect";
			};
			name = Debug;
		};
		C2E40D61288C6B9200BFFB0C /* Release */ = {
			isa = XCBuildConfiguration;
			buildSettings = {
				ALWAYS_EMBED_SWIFT_STANDARD_LIBRARIES = YES;
				BUNDLE_LOADER = "$(TEST_HOST)";
				CODE_SIGN_STYLE = Automatic;
				CURRENT_PROJECT_VERSION = 1;
				DEVELOPMENT_TEAM = H2MF6LA832;
				GENERATE_INFOPLIST_FILE = YES;
				IPHONEOS_DEPLOYMENT_TARGET = 15.4;
				MARKETING_VERSION = 1.0;
				PRODUCT_BUNDLE_IDENTIFIER = com.justinbengtson.PitchPerfectTests;
				PRODUCT_NAME = "$(TARGET_NAME)";
				SWIFT_EMIT_LOC_STRINGS = NO;
				SWIFT_VERSION = 5.0;
				TARGETED_DEVICE_FAMILY = "1,2";
				TEST_HOST = "$(BUILT_PRODUCTS_DIR)/PitchPerfect.app/PitchPerfect";
			};
			name = Release;
		};
		C2E40D63288C6B9200BFFB0C /* Debug */ = {
			isa = XCBuildConfiguration;
			buildSettings = {
				ALWAYS_EMBED_SWIFT_STANDARD_LIBRARIES = YES;
				CODE_SIGN_STYLE = Automatic;
				CURRENT_PROJECT_VERSION = 1;
				DEVELOPMENT_TEAM = H2MF6LA832;
				GENERATE_INFOPLIST_FILE = YES;
				MARKETING_VERSION = 1.0;
				PRODUCT_BUNDLE_IDENTIFIER = com.justinbengtson.PitchPerfectUITests;
				PRODUCT_NAME = "$(TARGET_NAME)";
				SWIFT_EMIT_LOC_STRINGS = NO;
				SWIFT_VERSION = 5.0;
				TARGETED_DEVICE_FAMILY = "1,2";
				TEST_TARGET_NAME = PitchPerfect;
			};
			name = Debug;
		};
		C2E40D64288C6B9200BFFB0C /* Release */ = {
			isa = XCBuildConfiguration;
			buildSettings = {
				ALWAYS_EMBED_SWIFT_STANDARD_LIBRARIES = YES;
				CODE_SIGN_STYLE = Automatic;
				CURRENT_PROJECT_VERSION = 1;
				DEVELOPMENT_TEAM = H2MF6LA832;
				GENERATE_INFOPLIST_FILE = YES;
				MARKETING_VERSION = 1.0;
				PRODUCT_BUNDLE_IDENTIFIER = com.justinbengtson.PitchPerfectUITests;
				PRODUCT_NAME = "$(TARGET_NAME)";
				SWIFT_EMIT_LOC_STRINGS = NO;
				SWIFT_VERSION = 5.0;
				TARGETED_DEVICE_FAMILY = "1,2";
				TEST_TARGET_NAME = PitchPerfect;
			};
			name = Release;
		};
/* End XCBuildConfiguration section */

/* Begin XCConfigurationList section */
		C2E40D2A288C6B9100BFFB0C /* Build configuration list for PBXProject "PitchPerfect" */ = {
			isa = XCConfigurationList;
			buildConfigurations = (
				C2E40D5A288C6B9200BFFB0C /* Debug */,
				C2E40D5B288C6B9200BFFB0C /* Release */,
			);
			defaultConfigurationIsVisible = 0;
			defaultConfigurationName = Release;
		};
		C2E40D5C288C6B9200BFFB0C /* Build configuration list for PBXNativeTarget "PitchPerfect" */ = {
			isa = XCConfigurationList;
			buildConfigurations = (
				C2E40D5D288C6B9200BFFB0C /* Debug */,
				C2E40D5E288C6B9200BFFB0C /* Release */,
			);
			defaultConfigurationIsVisible = 0;
			defaultConfigurationName = Release;
		};
		C2E40D5F288C6B9200BFFB0C /* Build configuration list for PBXNativeTarget "PitchPerfectTests" */ = {
			isa = XCConfigurationList;
			buildConfigurations = (
				C2E40D60288C6B9200BFFB0C /* Debug */,
				C2E40D61288C6B9200BFFB0C /* Release */,
			);
			defaultConfigurationIsVisible = 0;
			defaultConfigurationName = Release;
		};
		C2E40D62288C6B9200BFFB0C /* Build configuration list for PBXNativeTarget "PitchPerfectUITests" */ = {
			isa = XCConfigurationList;
			buildConfigurations = (
				C2E40D63288C6B9200BFFB0C /* Debug */,
				C2E40D64288C6B9200BFFB0C /* Release */,
			);
			defaultConfigurationIsVisible = 0;
			defaultConfigurationName = Release;
		};
/* End XCConfigurationList section */

/* Begin XCVersionGroup section */
		C2E40D3B288C6B9100BFFB0C /* PitchPerfect.xcdatamodeld */ = {
			isa = XCVersionGroup;
			children = (
				C2E40D3C288C6B9100BFFB0C /* PitchPerfect.xcdatamodel */,
			);
			currentVersion = C2E40D3C288C6B9100BFFB0C /* PitchPerfect.xcdatamodel */;
			path = PitchPerfect.xcdatamodeld;
			sourceTree = "<group>";
			versionGroupType = wrapper.xcdatamodel;
		};
/* End XCVersionGroup section */
	};
	rootObject = C2E40D27288C6B9100BFFB0C /* Project object */;
}
